
Microsoft Visual Studio Solution File, Format Version 12.00
# Visual Studio Version 16
VisualStudioVersion = 16.0.30309.148
MinimumVisualStudioVersion = 10.0.40219.1
Project("{FAE04EC0-301F-11D3-BF4B-00C04F79EFBC}") = "Auto Typer", "Auto Typer\Auto Typer.csproj", "{67663CA5-AC92-4BE0-A627-366C1C5FB809}"
EndProject
Global
	GlobalSection(SolutionConfigurationPlatforms) = preSolution
		Debug|Any CPU = Debug|Any CPU
		Release|Any CPU = Release|Any CPU
	EndGlobalSection
	GlobalSection(ProjectConfigurationPlatforms) = postSolution
		{67663CA5-AC92-4BE0-A627-366C1C5FB809}.Debug|Any CPU.ActiveCfg = Debug|Any CPU
		{67663CA5-AC92-4BE0-A627-366C1C5FB809}.Debug|Any CPU.Build.0 = Debug|Any CPU
		{67663CA5-AC92-4BE0-A627-366C1C5FB809}.Release|Any CPU.ActiveCfg = Release|Any CPU
		{67663CA5-AC92-4BE0-A627-366C1C5FB809}.Release|Any CPU.Build.0 = Release|Any CPU
	EndGlobalSection
	GlobalSection(SolutionProperties) = preSolution
		HideSolutionNode = FALSE
	EndGlobalSection
	GlobalSection(ExtensibilityGlobals) = postSolution
		SolutionGuid = {325BDE01-351C-4620-BEDA-A171DE322198}
	EndGlobalSection
EndGlobal
